
Microsoft Visual Studio Solution File, Format Version 12.00
# Visual Studio Version 17
VisualStudioVersion = 17.0.31903.59
MinimumVisualStudioVersion = 10.0.40219.1
Project("{2150E333-8FDC-42A3-9474-1A3956D46DE8}") = "src", "src", "{25C3359F-6329-4938-8FC2-ACDD2921B299}"
EndProject
Project("{FAE04EC0-301F-11D3-BF4B-00C04F79EFBC}") = "DejaGroove.Domain", "src\DejaGroove.Domain\DejaGroove.Domain.csproj", "{6DA2CA6F-C6FF-47FF-BBE2-5A9103E6134D}"
EndProject
Project("{FAE04EC0-301F-11D3-BF4B-00C04F79EFBC}") = "DejaGroove.Application", "src\DejaGroove.Application\DejaGroove.Application.csproj", "{578D7197-C6DB-4752-9F5D-EC41B2D36439}"
EndProject
Project("{FAE04EC0-301F-11D3-BF4B-00C04F79EFBC}") = "DejaGroove.Api", "src\DejaGroove.Api\DejaGroove.Api.csproj", "{97D4F0FA-C723-4930-B814-EB1F948666E5}"
EndProject
Project("{2150E333-8FDC-42A3-9474-1A3956D46DE8}") = "tests", "tests", "{A60233F5-641C-46E4-AEA4-A98CC09F3B78}"
EndProject
Project("{FAE04EC0-301F-11D3-BF4B-00C04F79EFBC}") = "DejaGroove.Domain.Tests", "tests\DejaGroove.Domain.Tests\DejaGroove.Domain.Tests.csproj", "{92F0F01E-99B5-4132-A2A5-E39246EDAE23}"
EndProject
Project("{FAE04EC0-301F-11D3-BF4B-00C04F79EFBC}") = "DejaGroove.Api.Tests", "tests\DejaGroove.Api.Tests\DejaGroove.Api.Tests.csproj", "{F9231D31-DF1B-4776-98ED-38E815BF9FA0}"
EndProject
Project("{FAE04EC0-301F-11D3-BF4B-00C04F79EFBC}") = "DejaGroove.Infrastructure", "src\DejaGroove.Infrastructure\DejaGroove.Infrastructure.csproj", "{FFF2F88B-B69F-4E7B-872F-CC0F36681AFC}"
EndProject
Project("{FAE04EC0-301F-11D3-BF4B-00C04F79EFBC}") = "DejaGroove.Infrastructure.Tests", "tests\DejaGroove.Infrastructure.Tests\DejaGroove.Infrastructure.Tests.csproj", "{8DE12F02-E198-42A8-BA2E-390AF22E9AA1}"
EndProject
Global
	GlobalSection(SolutionConfigurationPlatforms) = preSolution
		Debug|Any CPU = Debug|Any CPU
		Release|Any CPU = Release|Any CPU
	EndGlobalSection
	GlobalSection(SolutionProperties) = preSolution
		HideSolutionNode = FALSE
	EndGlobalSection
	GlobalSection(ProjectConfigurationPlatforms) = postSolution
		{6DA2CA6F-C6FF-47FF-BBE2-5A9103E6134D}.Debug|Any CPU.ActiveCfg = Debug|Any CPU
		{6DA2CA6F-C6FF-47FF-BBE2-5A9103E6134D}.Debug|Any CPU.Build.0 = Debug|Any CPU
		{6DA2CA6F-C6FF-47FF-BBE2-5A9103E6134D}.Release|Any CPU.ActiveCfg = Release|Any CPU
		{6DA2CA6F-C6FF-47FF-BBE2-5A9103E6134D}.Release|Any CPU.Build.0 = Release|Any CPU
		{578D7197-C6DB-4752-9F5D-EC41B2D36439}.Debug|Any CPU.ActiveCfg = Debug|Any CPU
		{578D7197-C6DB-4752-9F5D-EC41B2D36439}.Debug|Any CPU.Build.0 = Debug|Any CPU
		{578D7197-C6DB-4752-9F5D-EC41B2D36439}.Release|Any CPU.ActiveCfg = Release|Any CPU
		{578D7197-C6DB-4752-9F5D-EC41B2D36439}.Release|Any CPU.Build.0 = Release|Any CPU
		{97D4F0FA-C723-4930-B814-EB1F948666E5}.Debug|Any CPU.ActiveCfg = Debug|Any CPU
		{97D4F0FA-C723-4930-B814-EB1F948666E5}.Debug|Any CPU.Build.0 = Debug|Any CPU
		{97D4F0FA-C723-4930-B814-EB1F948666E5}.Release|Any CPU.ActiveCfg = Release|Any CPU
		{97D4F0FA-C723-4930-B814-EB1F948666E5}.Release|Any CPU.Build.0 = Release|Any CPU
		{92F0F01E-99B5-4132-A2A5-E39246EDAE23}.Debug|Any CPU.ActiveCfg = Debug|Any CPU
		{92F0F01E-99B5-4132-A2A5-E39246EDAE23}.Debug|Any CPU.Build.0 = Debug|Any CPU
		{92F0F01E-99B5-4132-A2A5-E39246EDAE23}.Release|Any CPU.ActiveCfg = Release|Any CPU
		{92F0F01E-99B5-4132-A2A5-E39246EDAE23}.Release|Any CPU.Build.0 = Release|Any CPU
		{F9231D31-DF1B-4776-98ED-38E815BF9FA0}.Debug|Any CPU.ActiveCfg = Debug|Any CPU
		{F9231D31-DF1B-4776-98ED-38E815BF9FA0}.Debug|Any CPU.Build.0 = Debug|Any CPU
		{F9231D31-DF1B-4776-98ED-38E815BF9FA0}.Release|Any CPU.ActiveCfg = Release|Any CPU
		{F9231D31-DF1B-4776-98ED-38E815BF9FA0}.Release|Any CPU.Build.0 = Release|Any CPU
		{FFF2F88B-B69F-4E7B-872F-CC0F36681AFC}.Debug|Any CPU.ActiveCfg = Debug|Any CPU
		{FFF2F88B-B69F-4E7B-872F-CC0F36681AFC}.Debug|Any CPU.Build.0 = Debug|Any CPU
		{FFF2F88B-B69F-4E7B-872F-CC0F36681AFC}.Release|Any CPU.ActiveCfg = Release|Any CPU
		{FFF2F88B-B69F-4E7B-872F-CC0F36681AFC}.Release|Any CPU.Build.0 = Release|Any CPU
		{8DE12F02-E198-42A8-BA2E-390AF22E9AA1}.Debug|Any CPU.ActiveCfg = Debug|Any CPU
		{8DE12F02-E198-42A8-BA2E-390AF22E9AA1}.Debug|Any CPU.Build.0 = Debug|Any CPU
		{8DE12F02-E198-42A8-BA2E-390AF22E9AA1}.Release|Any CPU.ActiveCfg = Release|Any CPU
		{8DE12F02-E198-42A8-BA2E-390AF22E9AA1}.Release|Any CPU.Build.0 = Release|Any CPU
	EndGlobalSection
	GlobalSection(NestedProjects) = preSolution
		{6DA2CA6F-C6FF-47FF-BBE2-5A9103E6134D} = {25C3359F-6329-4938-8FC2-ACDD2921B299}
		{578D7197-C6DB-4752-9F5D-EC41B2D36439} = {25C3359F-6329-4938-8FC2-ACDD2921B299}
		{97D4F0FA-C723-4930-B814-EB1F948666E5} = {25C3359F-6329-4938-8FC2-ACDD2921B299}
		{92F0F01E-99B5-4132-A2A5-E39246EDAE23} = {A60233F5-641C-46E4-AEA4-A98CC09F3B78}
		{F9231D31-DF1B-4776-98ED-38E815BF9FA0} = {A60233F5-641C-46E4-AEA4-A98CC09F3B78}
		{FFF2F88B-B69F-4E7B-872F-CC0F36681AFC} = {25C3359F-6329-4938-8FC2-ACDD2921B299}
		{8DE12F02-E198-42A8-BA2E-390AF22E9AA1} = {A60233F5-641C-46E4-AEA4-A98CC09F3B78}
	EndGlobalSection
EndGlobal
